
Microsoft Visual Studio Solution File, Format Version 12.00
# Visual Studio Version 17
VisualStudioVersion = 17.5.33516.290
MinimumVisualStudioVersion = 10.0.40219.1
Project("{FAE04EC0-301F-11D3-BF4B-00C04F79EFBC}") = "ProjectJack", "ProjectJack.csproj", "{BB93C06B-4F6C-4DD4-8DAC-1D711A6B37F6}"
EndProject
Global
	GlobalSection(SolutionConfigurationPlatforms) = preSolution
		Debug|Any CPU = Debug|Any CPU
		Release|Any CPU = Release|Any CPU
	EndGlobalSection
	GlobalSection(ProjectConfigurationPlatforms) = postSolution
		{BB93C06B-4F6C-4DD4-8DAC-1D711A6B37F6}.Debug|Any CPU.ActiveCfg = Debug|Any CPU
		{BB93C06B-4F6C-4DD4-8DAC-1D711A6B37F6}.Debug|Any CPU.Build.0 = Debug|Any CPU
		{BB93C06B-4F6C-4DD4-8DAC-1D711A6B37F6}.Release|Any CPU.ActiveCfg = Release|Any CPU
		{BB93C06B-4F6C-4DD4-8DAC-1D711A6B37F6}.Release|Any CPU.Build.0 = Release|Any CPU
	EndGlobalSection
	GlobalSection(SolutionProperties) = preSolution
		HideSolutionNode = FALSE
	EndGlobalSection
	GlobalSection(ExtensibilityGlobals) = postSolution
		SolutionGuid = {F93CF1F2-2541-4F86-A582-314B0A9BE86A}
	EndGlobalSection
EndGlobal
